
Microsoft Visual Studio Solution File, Format Version 12.00
# Visual Studio Version 17
VisualStudioVersion = 17.3.32825.248
MinimumVisualStudioVersion = 10.0.40219.1
Project("{FAE04EC0-301F-11D3-BF4B-00C04F79EFBC}") = "Topic 5 decision structures", "Topic 5 decision structures\Topic 5 decision structures.csproj", "{B70A2190-6FFB-4CFA-AD6B-4EECCC5181E2}"
EndProject
Global
	GlobalSection(SolutionConfigurationPlatforms) = preSolution
		Debug|Any CPU = Debug|Any CPU
		Release|Any CPU = Release|Any CPU
	EndGlobalSection
	GlobalSection(ProjectConfigurationPlatforms) = postSolution
		{B70A2190-6FFB-4CFA-AD6B-4EECCC5181E2}.Debug|Any CPU.ActiveCfg = Debug|Any CPU
		{B70A2190-6FFB-4CFA-AD6B-4EECCC5181E2}.Debug|Any CPU.Build.0 = Debug|Any CPU
		{B70A2190-6FFB-4CFA-AD6B-4EECCC5181E2}.Release|Any CPU.ActiveCfg = Release|Any CPU
		{B70A2190-6FFB-4CFA-AD6B-4EECCC5181E2}.Release|Any CPU.Build.0 = Release|Any CPU
	EndGlobalSection
	GlobalSection(SolutionProperties) = preSolution
		HideSolutionNode = FALSE
	EndGlobalSection
	GlobalSection(ExtensibilityGlobals) = postSolution
		SolutionGuid = {63B7B6D9-1062-4BA0-A786-844B6E54FFBD}
	EndGlobalSection
EndGlobal
